
Microsoft Visual Studio Solution File, Format Version 12.00
# Visual Studio Version 16
VisualStudioVersion = 16.0.31424.327
MinimumVisualStudioVersion = 10.0.40219.1
Project("{FAE04EC0-301F-11D3-BF4B-00C04F79EFBC}") = "Desafio2", "Desafio2\Desafio2.csproj", "{87EE7FD0-3769-4168-A289-B38E3E0C4E17}"
EndProject
Global
	GlobalSection(SolutionConfigurationPlatforms) = preSolution
		Debug|Any CPU = Debug|Any CPU
		Release|Any CPU = Release|Any CPU
	EndGlobalSection
	GlobalSection(ProjectConfigurationPlatforms) = postSolution
		{87EE7FD0-3769-4168-A289-B38E3E0C4E17}.Debug|Any CPU.ActiveCfg = Debug|Any CPU
		{87EE7FD0-3769-4168-A289-B38E3E0C4E17}.Debug|Any CPU.Build.0 = Debug|Any CPU
		{87EE7FD0-3769-4168-A289-B38E3E0C4E17}.Release|Any CPU.ActiveCfg = Release|Any CPU
		{87EE7FD0-3769-4168-A289-B38E3E0C4E17}.Release|Any CPU.Build.0 = Release|Any CPU
	EndGlobalSection
	GlobalSection(SolutionProperties) = preSolution
		HideSolutionNode = FALSE
	EndGlobalSection
	GlobalSection(ExtensibilityGlobals) = postSolution
		SolutionGuid = {AD6B74F2-7C2E-48F7-B10D-CFFEA9F98DCB}
	EndGlobalSection
EndGlobal
